
Microsoft Visual Studio Solution File, Format Version 12.00
# Visual Studio Version 17
VisualStudioVersion = 17.14.36518.9 d17.14
MinimumVisualStudioVersion = 10.0.40219.1
Project("{FAE04EC0-301F-11D3-BF4B-00C04F79EFBC}") = "Speech to Text", "Speech to Text\Speech to Text.csproj", "{5567BE14-308D-4684-96A7-3495F80BAF7B}"
EndProject
Global
	GlobalSection(SolutionConfigurationPlatforms) = preSolution
		Debug|Any CPU = Debug|Any CPU
		Release|Any CPU = Release|Any CPU
	EndGlobalSection
	GlobalSection(ProjectConfigurationPlatforms) = postSolution
		{5567BE14-308D-4684-96A7-3495F80BAF7B}.Debug|Any CPU.ActiveCfg = Debug|Any CPU
		{5567BE14-308D-4684-96A7-3495F80BAF7B}.Debug|Any CPU.Build.0 = Debug|Any CPU
		{5567BE14-308D-4684-96A7-3495F80BAF7B}.Release|Any CPU.ActiveCfg = Release|Any CPU
		{5567BE14-308D-4684-96A7-3495F80BAF7B}.Release|Any CPU.Build.0 = Release|Any CPU
	EndGlobalSection
	GlobalSection(SolutionProperties) = preSolution
		HideSolutionNode = FALSE
	EndGlobalSection
	GlobalSection(ExtensibilityGlobals) = postSolution
		SolutionGuid = {7AB6411A-FCBA-437C-B4C8-7DA45FC13716}
	EndGlobalSection
EndGlobal
